
Microsoft Visual Studio Solution File, Format Version 12.00
# Visual Studio 15
VisualStudioVersion = 15.0.27428.2015
MinimumVisualStudioVersion = 10.0.40219.1
Project("{9A19103F-16F7-4668-BE54-9A1E7A4F7556}") = "FantasticCommonLibrary", "FantasticCommonLibrary\FantasticCommonLibrary.csproj", "{C8888297-CE93-459D-9114-39BF24EAAB88}"
EndProject
Project("{9A19103F-16F7-4668-BE54-9A1E7A4F7556}") = "FantasticCommonLibrary.HttpClient.Helper", "FantasticCommonLibrary.HttpClient.Helper\FantasticCommonLibrary.HttpClient.Helper.csproj", "{3948BF06-0BE8-4B0A-BAE0-82C5A265ADB1}"
EndProject
Global
	GlobalSection(SolutionConfigurationPlatforms) = preSolution
		Debug|Any CPU = Debug|Any CPU
		Release|Any CPU = Release|Any CPU
	EndGlobalSection
	GlobalSection(ProjectConfigurationPlatforms) = postSolution
		{C8888297-CE93-459D-9114-39BF24EAAB88}.Debug|Any CPU.ActiveCfg = Debug|Any CPU
		{C8888297-CE93-459D-9114-39BF24EAAB88}.Debug|Any CPU.Build.0 = Debug|Any CPU
		{C8888297-CE93-459D-9114-39BF24EAAB88}.Release|Any CPU.ActiveCfg = Release|Any CPU
		{C8888297-CE93-459D-9114-39BF24EAAB88}.Release|Any CPU.Build.0 = Release|Any CPU
		{3948BF06-0BE8-4B0A-BAE0-82C5A265ADB1}.Debug|Any CPU.ActiveCfg = Debug|Any CPU
		{3948BF06-0BE8-4B0A-BAE0-82C5A265ADB1}.Debug|Any CPU.Build.0 = Debug|Any CPU
		{3948BF06-0BE8-4B0A-BAE0-82C5A265ADB1}.Release|Any CPU.ActiveCfg = Release|Any CPU
		{3948BF06-0BE8-4B0A-BAE0-82C5A265ADB1}.Release|Any CPU.Build.0 = Release|Any CPU
	EndGlobalSection
	GlobalSection(SolutionProperties) = preSolution
		HideSolutionNode = FALSE
	EndGlobalSection
	GlobalSection(ExtensibilityGlobals) = postSolution
		SolutionGuid = {D72DC739-D61F-4EA6-9742-A5E137F6C265}
	EndGlobalSection
EndGlobal
